
Microsoft Visual Studio Solution File, Format Version 12.00
# Visual Studio Version 17
VisualStudioVersion = 17.0.32014.148
MinimumVisualStudioVersion = 10.0.40219.1
Project("{8BC9CEB8-8B4A-11D0-8D11-00A0C91BC942}") = "how_to_use_scanf", "chapter3_solution\chapter3_solution.vcxproj", "{4042AF2B-89FF-47A3-AF17-6CCAAC5880E3}"
EndProject
Project("{8BC9CEB8-8B4A-11D0-8D11-00A0C91BC942}") = "What_is_overflow", "overflow\overflow.vcxproj", "{C1E5BF0E-E5C7-4444-B82B-36F13DD5DA1C}"
EndProject
Project("{8BC9CEB8-8B4A-11D0-8D11-00A0C91BC942}") = "data_type", "data_type\data_type.vcxproj", "{C022FB8F-467A-46F3-95FB-A54E9EF7A2F6}"
EndProject
Project("{8BC9CEB8-8B4A-11D0-8D11-00A0C91BC942}") = "fixed_width_integers", "fixed_width_integers\fixed_width_integers.vcxproj", "{BF269D90-A292-40D3-9A4A-2A7F003E9B7B}"
EndProject
Project("{8BC9CEB8-8B4A-11D0-8D11-00A0C91BC942}") = "ASCII_chart", "ASCII_chart\ASCII_chart.vcxproj", "{B278F293-C711-41C2-8737-52F874F4804A}"
EndProject
Project("{8BC9CEB8-8B4A-11D0-8D11-00A0C91BC942}") = "floating_point", "floating_point\floating_point.vcxproj", "{E6E53096-E2D3-4476-8AA1-1F7AA08EE5EF}"
EndProject
Project("{8BC9CEB8-8B4A-11D0-8D11-00A0C91BC942}") = "boolean_types", "boolean_types\boolean_types.vcxproj", "{D5058636-4D14-4B80-B59E-3120A723C231}"
EndProject
Project("{8BC9CEB8-8B4A-11D0-8D11-00A0C91BC942}") = "complex_types", "complex_types\complex_types.vcxproj", "{3C83B448-7C40-49FD-91B3-8DFE2C8F84F3}"
EndProject
Global
	GlobalSection(SolutionConfigurationPlatforms) = preSolution
		Debug|x64 = Debug|x64
		Debug|x86 = Debug|x86
		Release|x64 = Release|x64
		Release|x86 = Release|x86
	EndGlobalSection
	GlobalSection(ProjectConfigurationPlatforms) = postSolution
		{4042AF2B-89FF-47A3-AF17-6CCAAC5880E3}.Debug|x64.ActiveCfg = Debug|x64
		{4042AF2B-89FF-47A3-AF17-6CCAAC5880E3}.Debug|x64.Build.0 = Debug|x64
		{4042AF2B-89FF-47A3-AF17-6CCAAC5880E3}.Debug|x86.ActiveCfg = Debug|Win32
		{4042AF2B-89FF-47A3-AF17-6CCAAC5880E3}.Debug|x86.Build.0 = Debug|Win32
		{4042AF2B-89FF-47A3-AF17-6CCAAC5880E3}.Release|x64.ActiveCfg = Release|x64
		{4042AF2B-89FF-47A3-AF17-6CCAAC5880E3}.Release|x64.Build.0 = Release|x64
		{4042AF2B-89FF-47A3-AF17-6CCAAC5880E3}.Release|x86.ActiveCfg = Release|Win32
		{4042AF2B-89FF-47A3-AF17-6CCAAC5880E3}.Release|x86.Build.0 = Release|Win32
		{C1E5BF0E-E5C7-4444-B82B-36F13DD5DA1C}.Debug|x64.ActiveCfg = Debug|x64
		{C1E5BF0E-E5C7-4444-B82B-36F13DD5DA1C}.Debug|x64.Build.0 = Debug|x64
		{C1E5BF0E-E5C7-4444-B82B-36F13DD5DA1C}.Debug|x86.ActiveCfg = Debug|Win32
		{C1E5BF0E-E5C7-4444-B82B-36F13DD5DA1C}.Debug|x86.Build.0 = Debug|Win32
		{C1E5BF0E-E5C7-4444-B82B-36F13DD5DA1C}.Release|x64.ActiveCfg = Release|x64
		{C1E5BF0E-E5C7-4444-B82B-36F13DD5DA1C}.Release|x64.Build.0 = Release|x64
		{C1E5BF0E-E5C7-4444-B82B-36F13DD5DA1C}.Release|x86.ActiveCfg = Release|Win32
		{C1E5BF0E-E5C7-4444-B82B-36F13DD5DA1C}.Release|x86.Build.0 = Release|Win32
		{C022FB8F-467A-46F3-95FB-A54E9EF7A2F6}.Debug|x64.ActiveCfg = Debug|x64
		{C022FB8F-467A-46F3-95FB-A54E9EF7A2F6}.Debug|x64.Build.0 = Debug|x64
		{C022FB8F-467A-46F3-95FB-A54E9EF7A2F6}.Debug|x86.ActiveCfg = Debug|Win32
		{C022FB8F-467A-46F3-95FB-A54E9EF7A2F6}.Debug|x86.Build.0 = Debug|Win32
		{C022FB8F-467A-46F3-95FB-A54E9EF7A2F6}.Release|x64.ActiveCfg = Release|x64
		{C022FB8F-467A-46F3-95FB-A54E9EF7A2F6}.Release|x64.Build.0 = Release|x64
		{C022FB8F-467A-46F3-95FB-A54E9EF7A2F6}.Release|x86.ActiveCfg = Release|Win32
		{C022FB8F-467A-46F3-95FB-A54E9EF7A2F6}.Release|x86.Build.0 = Release|Win32
		{BF269D90-A292-40D3-9A4A-2A7F003E9B7B}.Debug|x64.ActiveCfg = Debug|x64
		{BF269D90-A292-40D3-9A4A-2A7F003E9B7B}.Debug|x64.Build.0 = Debug|x64
		{BF269D90-A292-40D3-9A4A-2A7F003E9B7B}.Debug|x86.ActiveCfg = Debug|Win32
		{BF269D90-A292-40D3-9A4A-2A7F003E9B7B}.Debug|x86.Build.0 = Debug|Win32
		{BF269D90-A292-40D3-9A4A-2A7F003E9B7B}.Release|x64.ActiveCfg = Release|x64
		{BF269D90-A292-40D3-9A4A-2A7F003E9B7B}.Release|x64.Build.0 = Release|x64
		{BF269D90-A292-40D3-9A4A-2A7F003E9B7B}.Release|x86.ActiveCfg = Release|Win32
		{BF269D90-A292-40D3-9A4A-2A7F003E9B7B}.Release|x86.Build.0 = Release|Win32
		{B278F293-C711-41C2-8737-52F874F4804A}.Debug|x64.ActiveCfg = Debug|x64
		{B278F293-C711-41C2-8737-52F874F4804A}.Debug|x64.Build.0 = Debug|x64
		{B278F293-C711-41C2-8737-52F874F4804A}.Debug|x86.ActiveCfg = Debug|Win32
		{B278F293-C711-41C2-8737-52F874F4804A}.Debug|x86.Build.0 = Debug|Win32
		{B278F293-C711-41C2-8737-52F874F4804A}.Release|x64.ActiveCfg = Release|x64
		{B278F293-C711-41C2-8737-52F874F4804A}.Release|x64.Build.0 = Release|x64
		{B278F293-C711-41C2-8737-52F874F4804A}.Release|x86.ActiveCfg = Release|Win32
		{B278F293-C711-41C2-8737-52F874F4804A}.Release|x86.Build.0 = Release|Win32
		{E6E53096-E2D3-4476-8AA1-1F7AA08EE5EF}.Debug|x64.ActiveCfg = Debug|x64
		{E6E53096-E2D3-4476-8AA1-1F7AA08EE5EF}.Debug|x64.Build.0 = Debug|x64
		{E6E53096-E2D3-4476-8AA1-1F7AA08EE5EF}.Debug|x86.ActiveCfg = Debug|Win32
		{E6E53096-E2D3-4476-8AA1-1F7AA08EE5EF}.Debug|x86.Build.0 = Debug|Win32
		{E6E53096-E2D3-4476-8AA1-1F7AA08EE5EF}.Release|x64.ActiveCfg = Release|x64
		{E6E53096-E2D3-4476-8AA1-1F7AA08EE5EF}.Release|x64.Build.0 = Release|x64
		{E6E53096-E2D3-4476-8AA1-1F7AA08EE5EF}.Release|x86.ActiveCfg = Release|Win32
		{E6E53096-E2D3-4476-8AA1-1F7AA08EE5EF}.Release|x86.Build.0 = Release|Win32
		{D5058636-4D14-4B80-B59E-3120A723C231}.Debug|x64.ActiveCfg = Debug|x64
		{D5058636-4D14-4B80-B59E-3120A723C231}.Debug|x64.Build.0 = Debug|x64
		{D5058636-4D14-4B80-B59E-3120A723C231}.Debug|x86.ActiveCfg = Debug|Win32
		{D5058636-4D14-4B80-B59E-3120A723C231}.Debug|x86.Build.0 = Debug|Win32
		{D5058636-4D14-4B80-B59E-3120A723C231}.Release|x64.ActiveCfg = Release|x64
		{D5058636-4D14-4B80-B59E-3120A723C231}.Release|x64.Build.0 = Release|x64
		{D5058636-4D14-4B80-B59E-3120A723C231}.Release|x86.ActiveCfg = Release|Win32
		{D5058636-4D14-4B80-B59E-3120A723C231}.Release|x86.Build.0 = Release|Win32
		{3C83B448-7C40-49FD-91B3-8DFE2C8F84F3}.Debug|x64.ActiveCfg = Debug|x64
		{3C83B448-7C40-49FD-91B3-8DFE2C8F84F3}.Debug|x64.Build.0 = Debug|x64
		{3C83B448-7C40-49FD-91B3-8DFE2C8F84F3}.Debug|x86.ActiveCfg = Debug|Win32
		{3C83B448-7C40-49FD-91B3-8DFE2C8F84F3}.Debug|x86.Build.0 = Debug|Win32
		{3C83B448-7C40-49FD-91B3-8DFE2C8F84F3}.Release|x64.ActiveCfg = Release|x64
		{3C83B448-7C40-49FD-91B3-8DFE2C8F84F3}.Release|x64.Build.0 = Release|x64
		{3C83B448-7C40-49FD-91B3-8DFE2C8F84F3}.Release|x86.ActiveCfg = Release|Win32
		{3C83B448-7C40-49FD-91B3-8DFE2C8F84F3}.Release|x86.Build.0 = Release|Win32
	EndGlobalSection
	GlobalSection(SolutionProperties) = preSolution
		HideSolutionNode = FALSE
	EndGlobalSection
	GlobalSection(ExtensibilityGlobals) = postSolution
		SolutionGuid = {403A61F4-DF21-4ADA-B58F-1FC646989C46}
	EndGlobalSection
EndGlobal
